
Microsoft Visual Studio Solution File, Format Version 12.00
# Visual Studio Version 17
VisualStudioVersion = 17.14.36414.22 d17.14
MinimumVisualStudioVersion = 10.0.40219.1
Project("{FAE04EC0-301F-11D3-BF4B-00C04F79EFBC}") = "CsharpLab4", "CsharpLab4\CsharpLab4.csproj", "{95249B10-3D22-40F7-9892-176619B370AD}"
EndProject
Global
	GlobalSection(SolutionConfigurationPlatforms) = preSolution
		Debug|Any CPU = Debug|Any CPU
		Release|Any CPU = Release|Any CPU
	EndGlobalSection
	GlobalSection(ProjectConfigurationPlatforms) = postSolution
		{95249B10-3D22-40F7-9892-176619B370AD}.Debug|Any CPU.ActiveCfg = Debug|Any CPU
		{95249B10-3D22-40F7-9892-176619B370AD}.Debug|Any CPU.Build.0 = Debug|Any CPU
		{95249B10-3D22-40F7-9892-176619B370AD}.Release|Any CPU.ActiveCfg = Release|Any CPU
		{95249B10-3D22-40F7-9892-176619B370AD}.Release|Any CPU.Build.0 = Release|Any CPU
	EndGlobalSection
	GlobalSection(SolutionProperties) = preSolution
		HideSolutionNode = FALSE
	EndGlobalSection
	GlobalSection(ExtensibilityGlobals) = postSolution
		SolutionGuid = {314D61D9-8CA8-40D6-9D71-6521AD3B0A87}
	EndGlobalSection
EndGlobal
